
Microsoft Visual Studio Solution File, Format Version 12.00
# Visual Studio 15
VisualStudioVersion = 15.0.27428.2002
MinimumVisualStudioVersion = 10.0.40219.1
Project("{FAE04EC0-301F-11D3-BF4B-00C04F79EFBC}") = "VirtualizingWrapPanelSamples", "VirtualizingWrapPanelSamples\VirtualizingWrapPanelSamples.csproj", "{F3E7F4E3-787B-4CAD-A184-196C8B169268}"
EndProject
Global
	GlobalSection(SolutionConfigurationPlatforms) = preSolution
		Debug|Any CPU = Debug|Any CPU
		Release|Any CPU = Release|Any CPU
	EndGlobalSection
	GlobalSection(ProjectConfigurationPlatforms) = postSolution
		{2EAC7BA1-D772-4247-B605-8C9F1D20D8CF}.Debug|Any CPU.ActiveCfg = Debug|Any CPU
		{2EAC7BA1-D772-4247-B605-8C9F1D20D8CF}.Debug|Any CPU.Build.0 = Debug|Any CPU
		{2EAC7BA1-D772-4247-B605-8C9F1D20D8CF}.Release|Any CPU.ActiveCfg = Release|Any CPU
		{2EAC7BA1-D772-4247-B605-8C9F1D20D8CF}.Release|Any CPU.Build.0 = Release|Any CPU
		{3E191E05-D81F-4052-B6BB-610E4E524D13}.Debug|Any CPU.ActiveCfg = Debug|Any CPU
		{3E191E05-D81F-4052-B6BB-610E4E524D13}.Debug|Any CPU.Build.0 = Debug|Any CPU
		{3E191E05-D81F-4052-B6BB-610E4E524D13}.Release|Any CPU.ActiveCfg = Release|Any CPU
		{3E191E05-D81F-4052-B6BB-610E4E524D13}.Release|Any CPU.Build.0 = Release|Any CPU
		{AD3BCF6D-C38A-4831-81BA-7DFF3E63234E}.Debug|Any CPU.ActiveCfg = Debug|Any CPU
		{AD3BCF6D-C38A-4831-81BA-7DFF3E63234E}.Debug|Any CPU.Build.0 = Debug|Any CPU
		{AD3BCF6D-C38A-4831-81BA-7DFF3E63234E}.Release|Any CPU.ActiveCfg = Release|Any CPU
		{AD3BCF6D-C38A-4831-81BA-7DFF3E63234E}.Release|Any CPU.Build.0 = Release|Any CPU
		{E9F2BA01-2E07-4B5A-BA8C-AD26AAEEB8B5}.Debug|Any CPU.ActiveCfg = Debug|Any CPU
		{E9F2BA01-2E07-4B5A-BA8C-AD26AAEEB8B5}.Debug|Any CPU.Build.0 = Debug|Any CPU
		{E9F2BA01-2E07-4B5A-BA8C-AD26AAEEB8B5}.Release|Any CPU.ActiveCfg = Release|Any CPU
		{E9F2BA01-2E07-4B5A-BA8C-AD26AAEEB8B5}.Release|Any CPU.Build.0 = Release|Any CPU
		{F3E7F4E3-787B-4CAD-A184-196C8B169268}.Debug|Any CPU.ActiveCfg = Debug|Any CPU
		{F3E7F4E3-787B-4CAD-A184-196C8B169268}.Debug|Any CPU.Build.0 = Debug|Any CPU
		{F3E7F4E3-787B-4CAD-A184-196C8B169268}.Release|Any CPU.ActiveCfg = Release|Any CPU
		{F3E7F4E3-787B-4CAD-A184-196C8B169268}.Release|Any CPU.Build.0 = Release|Any CPU
	EndGlobalSection
	GlobalSection(SolutionProperties) = preSolution
		HideSolutionNode = FALSE
	EndGlobalSection
	GlobalSection(NestedProjects) = preSolution
		{2EAC7BA1-D772-4247-B605-8C9F1D20D8CF} = {6ECCDCB5-B153-460B-839F-EC0B780763AA}
		{3E191E05-D81F-4052-B6BB-610E4E524D13} = {491FE786-89DC-47EC-B3B4-2C84F46D09BC}
		{AD3BCF6D-C38A-4831-81BA-7DFF3E63234E} = {491FE786-89DC-47EC-B3B4-2C84F46D09BC}
		{E9F2BA01-2E07-4B5A-BA8C-AD26AAEEB8B5} = {6ECCDCB5-B153-460B-839F-EC0B780763AA}
		{F3E7F4E3-787B-4CAD-A184-196C8B169268} = {8F18C86D-D69F-4680-A1C1-93E290126BEE}
	EndGlobalSection
	GlobalSection(ExtensibilityGlobals) = postSolution
		SolutionGuid = {75DC64A9-2D54-4E67-AB70-A5D79CC3C1C6}
	EndGlobalSection
EndGlobal
