
Microsoft Visual Studio Solution File, Format Version 12.00
# Visual Studio 15
VisualStudioVersion = 15.0.27428.2002
MinimumVisualStudioVersion = 10.0.40219.1
Project("{FAE04EC0-301F-11D3-BF4B-00C04F79EFBC}") = "VirtualizingWrapPanelSamples", "VirtualizingWrapPanelSamples\VirtualizingWrapPanelSamples.csproj", "{F3E7F4E3-787B-4CAD-A184-196C8B169268}"
EndProject
Project("{FAE04EC0-301F-11D3-BF4B-00C04F79EFBC}") = "VirtualizingWrapPanel", "VirtualizingWrapPanel\VirtualizingWrapPanel.csproj", "{E9F2BA01-2E07-4B5A-BA8C-AD26AAEEB8B5}"
EndProject
Global
	GlobalSection(SolutionConfigurationPlatforms) = preSolution
		Debug|Any CPU = Debug|Any CPU
		Release|Any CPU = Release|Any CPU
	EndGlobalSection
	GlobalSection(ProjectConfigurationPlatforms) = postSolution
		{F3E7F4E3-787B-4CAD-A184-196C8B169268}.Debug|Any CPU.ActiveCfg = Debug|Any CPU
		{F3E7F4E3-787B-4CAD-A184-196C8B169268}.Debug|Any CPU.Build.0 = Debug|Any CPU
		{F3E7F4E3-787B-4CAD-A184-196C8B169268}.Release|Any CPU.ActiveCfg = Release|Any CPU
		{F3E7F4E3-787B-4CAD-A184-196C8B169268}.Release|Any CPU.Build.0 = Release|Any CPU
		{E9F2BA01-2E07-4B5A-BA8C-AD26AAEEB8B5}.Debug|Any CPU.ActiveCfg = Debug|Any CPU
		{E9F2BA01-2E07-4B5A-BA8C-AD26AAEEB8B5}.Debug|Any CPU.Build.0 = Debug|Any CPU
		{E9F2BA01-2E07-4B5A-BA8C-AD26AAEEB8B5}.Release|Any CPU.ActiveCfg = Release|Any CPU
		{E9F2BA01-2E07-4B5A-BA8C-AD26AAEEB8B5}.Release|Any CPU.Build.0 = Release|Any CPU
	EndGlobalSection
	GlobalSection(SolutionProperties) = preSolution
		HideSolutionNode = FALSE
	EndGlobalSection
	GlobalSection(ExtensibilityGlobals) = postSolution
		SolutionGuid = {75DC64A9-2D54-4E67-AB70-A5D79CC3C1C6}
	EndGlobalSection
EndGlobal
